{
  "requires": true,
  "lockfileVersion": 1,
  "dependencies": {
    "vue-select": {
      "version": "3.10.7",
      "resolved": "https://registry.npmjs.org/vue-select/-/vue-select-3.10.7.tgz",
      "integrity": "sha512-6rvIYBNEp9y0xK/sq2ZzDCxKA2BoVNliyctOeMtzarQzvpLlab7l8zvqr2jhGZOxozp7jd2AvZxpF3Ivems2wQ=="
    }
  }
}
